# THIS IS AN AUTOGENERATED FILE. DO NOT EDIT THIS FILE DIRECTLY.
# yarn lockfile v1


"@types/geojson@^7946.0.13":
  version "7946.0.16"
  resolved "https://registry.yarnpkg.com/@types/geojson/-/geojson-7946.0.16.tgz#8ebe53d69efada7044454e3305c19017d97ced2a"
  integrity sha512-6C8nqWur3j98U6+lXDfTUWIfgvZU+EumvpHKcYjujKH7woYyLj2sUmff0tRhrqM7BohUw7Pz3ZB1jj2gW9Fvmg==

react-native-maps@^1.24.3:
  version "1.24.3"
  resolved "https://registry.yarnpkg.com/react-native-maps/-/react-native-maps-1.24.3.tgz#05ab0ddedd03c8f63dd52141fe7f0583b1a5cb2e"
  integrity sha512-cF5oTA8z24QqGIRFfDcsXLEs/gCd0RhaJ9KPv/2HiogKD5gpjh1naimZUJQ6IsEcUngSSk8iov6p2jd7dB+/bQ==
  dependencies:
    "@types/geojson" "^7946.0.13"
